// !$*UTF8*$!
{
	archiveVersion = 1;
	classes = {
	};
	objectVersion = 55;
	objects = {

/* Begin PBXBuildFile section */
		81D906AAE306B46489186642 /* Pods_ListViewDemo.framework in Frameworks */ = {isa = PBXBuildFile; fileRef = EC0E1C5D9DF1F57373FCB2FE /* Pods_ListViewDemo.framework */; };
		DF5E23E92840CCB600D81760 /* AppDelegate.swift in Sources */ = {isa = PBXBuildFile; fileRef = DF5E23E82840CCB600D81760 /* AppDelegate.swift */; };
		DF5E23EB2840CCB600D81760 /* SceneDelegate.swift in Sources */ = {isa = PBXBuildFile; fileRef = DF5E23EA2840CCB600D81760 /* SceneDelegate.swift */; };
		DF5E23ED2840CCB600D81760 /* ViewController.swift in Sources */ = {isa = PBXBuildFile; fileRef = DF5E23EC2840CCB600D81760 /* ViewController.swift */; };
		DF5E23F02840CCB600D81760 /* Main.storyboard in Resources */ = {isa = PBXBuildFile; fileRef = DF5E23EE2840CCB600D81760 /* Main.storyboard */; };
		DF5E23F22840CCBC00D81760 /* Assets.xcassets in Resources */ = {isa = PBXBuildFile; fileRef = DF5E23F12840CCBC00D81760 /* Assets.xcassets */; };
		DF5E23F52840CCBC00D81760 /* LaunchScreen.storyboard in Resources */ = {isa = PBXBuildFile; fileRef = DF5E23F32840CCBC00D81760 /* LaunchScreen.storyboard */; };
		DF5E23FD2840CD7F00D81760 /* ListViewController.swift in Sources */ = {isa = PBXBuildFile; fileRef = DF5E23FC2840CD7F00D81760 /* ListViewController.swift */; };
		DF5E23FF2840CDD600D81760 /* ListViewModel.swift in Sources */ = {isa = PBXBuildFile; fileRef = DF5E23FE2840CDD600D81760 /* ListViewModel.swift */; };
		DF5E24012840CEF600D81760 /* CellController.swift in Sources */ = {isa = PBXBuildFile; fileRef = DF5E24002840CEF600D81760 /* CellController.swift */; };
		DF5E24032840CF4F00D81760 /* ThirdLineMessageAnalyzing.swift in Sources */ = {isa = PBXBuildFile; fileRef = DF5E24022840CF4F00D81760 /* ThirdLineMessageAnalyzing.swift */; };
		DF5E24052840D0CC00D81760 /* ListViewCell.swift in Sources */ = {isa = PBXBuildFile; fileRef = DF5E24042840D0CC00D81760 /* ListViewCell.swift */; };
		DF5E24072840D29200D81760 /* HeaderWithDetailsView.swift in Sources */ = {isa = PBXBuildFile; fileRef = DF5E24062840D29200D81760 /* HeaderWithDetailsView.swift */; };
/* End PBXBuildFile section */

/* Begin PBXFileReference section */
		3DB777CDD3A32E552EDF5A2E /* Pods-ListViewDemo.release.xcconfig */ = {isa = PBXFileReference; includeInIndex = 1; lastKnownFileType = text.xcconfig; name = "Pods-ListViewDemo.release.xcconfig"; path = "Target Support Files/Pods-ListViewDemo/Pods-ListViewDemo.release.xcconfig"; sourceTree = "<group>"; };
		C9E21D216BCA73D0163663D7 /* Pods-ListViewDemo.debug.xcconfig */ = {isa = PBXFileReference; includeInIndex = 1; lastKnownFileType = text.xcconfig; name = "Pods-ListViewDemo.debug.xcconfig"; path = "Target Support Files/Pods-ListViewDemo/Pods-ListViewDemo.debug.xcconfig"; sourceTree = "<group>"; };
		DF5E23E52840CCB600D81760 /* ListViewDemo.app */ = {isa = PBXFileReference; explicitFileType = wrapper.application; includeInIndex = 0; path = ListViewDemo.app; sourceTree = BUILT_PRODUCTS_DIR; };
		DF5E23E82840CCB600D81760 /* AppDelegate.swift */ = {isa = PBXFileReference; lastKnownFileType = sourcecode.swift; path = AppDelegate.swift; sourceTree = "<group>"; };
		DF5E23EA2840CCB600D81760 /* SceneDelegate.swift */ = {isa = PBXFileReference; lastKnownFileType = sourcecode.swift; path = SceneDelegate.swift; sourceTree = "<group>"; };
		DF5E23EC2840CCB600D81760 /* ViewController.swift */ = {isa = PBXFileReference; lastKnownFileType = sourcecode.swift; path = ViewController.swift; sourceTree = "<group>"; };
		DF5E23EF2840CCB600D81760 /* Base */ = {isa = PBXFileReference; lastKnownFileType = file.storyboard; name = Base; path = Base.lproj/Main.storyboard; sourceTree = "<group>"; };
		DF5E23F12840CCBC00D81760 /* Assets.xcassets */ = {isa = PBXFileReference; lastKnownFileType = folder.assetcatalog; path = Assets.xcassets; sourceTree = "<group>"; };
		DF5E23F42840CCBC00D81760 /* Base */ = {isa = PBXFileReference; lastKnownFileType = file.storyboard; name = Base; path = Base.lproj/LaunchScreen.storyboard; sourceTree = "<group>"; };
		DF5E23F62840CCBC00D81760 /* Info.plist */ = {isa = PBXFileReference; lastKnownFileType = text.plist.xml; path = Info.plist; sourceTree = "<group>"; };
		DF5E23FC2840CD7F00D81760 /* ListViewController.swift */ = {isa = PBXFileReference; lastKnownFileType = sourcecode.swift; path = ListViewController.swift; sourceTree = "<group>"; };
		DF5E23FE2840CDD600D81760 /* ListViewModel.swift */ = {isa = PBXFileReference; lastKnownFileType = sourcecode.swift; path = ListViewModel.swift; sourceTree = "<group>"; };
		DF5E24002840CEF600D81760 /* CellController.swift */ = {isa = PBXFileReference; lastKnownFileType = sourcecode.swift; path = CellController.swift; sourceTree = "<group>"; };
		DF5E24022840CF4F00D81760 /* ThirdLineMessageAnalyzing.swift */ = {isa = PBXFileReference; lastKnownFileType = sourcecode.swift; path = ThirdLineMessageAnalyzing.swift; sourceTree = "<group>"; };
		DF5E24042840D0CC00D81760 /* ListViewCell.swift */ = {isa = PBXFileReference; lastKnownFileType = sourcecode.swift; path = ListViewCell.swift; sourceTree = "<group>"; };
		DF5E24062840D29200D81760 /* HeaderWithDetailsView.swift */ = {isa = PBXFileReference; lastKnownFileType = sourcecode.swift; path = HeaderWithDetailsView.swift; sourceTree = "<group>"; };
		EC0E1C5D9DF1F57373FCB2FE /* Pods_ListViewDemo.framework */ = {isa = PBXFileReference; explicitFileType = wrapper.framework; includeInIndex = 0; path = Pods_ListViewDemo.framework; sourceTree = BUILT_PRODUCTS_DIR; };
/* End PBXFileReference section */

/* Begin PBXFrameworksBuildPhase section */
		DF5E23E22840CCB600D81760 /* Frameworks */ = {
			isa = PBXFrameworksBuildPhase;
			buildActionMask = 2147483647;
			files = (
				81D906AAE306B46489186642 /* Pods_ListViewDemo.framework in Frameworks */,
			);
			runOnlyForDeploymentPostprocessing = 0;
		};
/* End PBXFrameworksBuildPhase section */

/* Begin PBXGroup section */
		901E22AFFA1F8E194168B205 /* Frameworks */ = {
			isa = PBXGroup;
			children = (
				EC0E1C5D9DF1F57373FCB2FE /* Pods_ListViewDemo.framework */,
			);
			name = Frameworks;
			sourceTree = "<group>";
		};
		C8DE9501B69D5A891504B26E /* Pods */ = {
			isa = PBXGroup;
			children = (
				C9E21D216BCA73D0163663D7 /* Pods-ListViewDemo.debug.xcconfig */,
				3DB777CDD3A32E552EDF5A2E /* Pods-ListViewDemo.release.xcconfig */,
			);
			path = Pods;
			sourceTree = "<group>";
		};
		DF5E23DC2840CCB600D81760 = {
			isa = PBXGroup;
			children = (
				DF5E23E72840CCB600D81760 /* ListViewDemo */,
				DF5E23E62840CCB600D81760 /* Products */,
				C8DE9501B69D5A891504B26E /* Pods */,
				901E22AFFA1F8E194168B205 /* Frameworks */,
			);
			sourceTree = "<group>";
		};
		DF5E23E62840CCB600D81760 /* Products */ = {
			isa = PBXGroup;
			children = (
				DF5E23E52840CCB600D81760 /* ListViewDemo.app */,
			);
			name = Products;
			sourceTree = "<group>";
		};
		DF5E23E72840CCB600D81760 /* ListViewDemo */ = {
			isa = PBXGroup;
			children = (
				DF5E23E82840CCB600D81760 /* AppDelegate.swift */,
				DF5E23EA2840CCB600D81760 /* SceneDelegate.swift */,
				DF5E23EC2840CCB600D81760 /* ViewController.swift */,
				DF5E23EE2840CCB600D81760 /* Main.storyboard */,
				DF5E23F12840CCBC00D81760 /* Assets.xcassets */,
				DF5E23F32840CCBC00D81760 /* LaunchScreen.storyboard */,
				DF5E23F62840CCBC00D81760 /* Info.plist */,
				DF5E23FC2840CD7F00D81760 /* ListViewController.swift */,
				DF5E23FE2840CDD600D81760 /* ListViewModel.swift */,
				DF5E24002840CEF600D81760 /* CellController.swift */,
				DF5E24022840CF4F00D81760 /* ThirdLineMessageAnalyzing.swift */,
				DF5E24042840D0CC00D81760 /* ListViewCell.swift */,
				DF5E24062840D29200D81760 /* HeaderWithDetailsView.swift */,
			);
			path = ListViewDemo;
			sourceTree = "<group>";
		};
/* End PBXGroup section */

/* Begin PBXNativeTarget section */
		DF5E23E42840CCB600D81760 /* ListViewDemo */ = {
			isa = PBXNativeTarget;
			buildConfigurationList = DF5E23F92840CCBC00D81760 /* Build configuration list for PBXNativeTarget "ListViewDemo" */;
			buildPhases = (
				41A68AD4969254DA82028E14 /* [CP] Check Pods Manifest.lock */,
				DF5E23E12840CCB600D81760 /* Sources */,
				DF5E23E22840CCB600D81760 /* Frameworks */,
				DF5E23E32840CCB600D81760 /* Resources */,
				C92E5770BA43A6A70266D51B /* [CP] Embed Pods Frameworks */,
			);
			buildRules = (
			);
			dependencies = (
			);
			name = ListViewDemo;
			productName = ListViewDemo;
			productReference = DF5E23E52840CCB600D81760 /* ListViewDemo.app */;
			productType = "com.apple.product-type.application";
		};
/* End PBXNativeTarget section */

/* Begin PBXProject section */
		DF5E23DD2840CCB600D81760 /* Project object */ = {
			isa = PBXProject;
			attributes = {
				BuildIndependentTargetsInParallel = 1;
				LastSwiftUpdateCheck = 1340;
				LastUpgradeCheck = 1340;
				TargetAttributes = {
					DF5E23E42840CCB600D81760 = {
						CreatedOnToolsVersion = 13.4;
					};
				};
			};
			buildConfigurationList = DF5E23E02840CCB600D81760 /* Build configuration list for PBXProject "ListViewDemo" */;
			compatibilityVersion = "Xcode 13.0";
			developmentRegion = en;
			hasScannedForEncodings = 0;
			knownRegions = (
				en,
				Base,
			);
			mainGroup = DF5E23DC2840CCB600D81760;
			productRefGroup = DF5E23E62840CCB600D81760 /* Products */;
			projectDirPath = "";
			projectRoot = "";
			targets = (
				DF5E23E42840CCB600D81760 /* ListViewDemo */,
			);
		};
/* End PBXProject section */

/* Begin PBXResourcesBuildPhase section */
		DF5E23E32840CCB600D81760 /* Resources */ = {
			isa = PBXResourcesBuildPhase;
			buildActionMask = 2147483647;
			files = (
				DF5E23F52840CCBC00D81760 /* LaunchScreen.storyboard in Resources */,
				DF5E23F22840CCBC00D81760 /* Assets.xcassets in Resources */,
				DF5E23F02840CCB600D81760 /* Main.storyboard in Resources */,
			);
			runOnlyForDeploymentPostprocessing = 0;
		};
/* End PBXResourcesBuildPhase section */

/* Begin PBXShellScriptBuildPhase section */
		41A68AD4969254DA82028E14 /* [CP] Check Pods Manifest.lock */ = {
			isa = PBXShellScriptBuildPhase;
			buildActionMask = 2147483647;
			files = (
			);
			inputFileListPaths = (
			);
			inputPaths = (
				"${PODS_PODFILE_DIR_PATH}/Podfile.lock",
				"${PODS_ROOT}/Manifest.lock",
			);
			name = "[CP] Check Pods Manifest.lock";
			outputFileListPaths = (
			);
			outputPaths = (
				"$(DERIVED_FILE_DIR)/Pods-ListViewDemo-checkManifestLockResult.txt",
			);
			runOnlyForDeploymentPostprocessing = 0;
			shellPath = /bin/sh;
			shellScript = "diff \"${PODS_PODFILE_DIR_PATH}/Podfile.lock\" \"${PODS_ROOT}/Manifest.lock\" > /dev/null\nif [ $? != 0 ] ; then\n    # print error to STDERR\n    echo \"error: The sandbox is not in sync with the Podfile.lock. Run 'pod install' or update your CocoaPods installation.\" >&2\n    exit 1\nfi\n# This output is used by Xcode 'outputs' to avoid re-running this script phase.\necho \"SUCCESS\" > \"${SCRIPT_OUTPUT_FILE_0}\"\n";
			showEnvVarsInLog = 0;
		};
		C92E5770BA43A6A70266D51B /* [CP] Embed Pods Frameworks */ = {
			isa = PBXShellScriptBuildPhase;
			buildActionMask = 2147483647;
			files = (
			);
			inputFileListPaths = (
				"${PODS_ROOT}/Target Support Files/Pods-ListViewDemo/Pods-ListViewDemo-frameworks-${CONFIGURATION}-input-files.xcfilelist",
			);
			name = "[CP] Embed Pods Frameworks";
			outputFileListPaths = (
				"${PODS_ROOT}/Target Support Files/Pods-ListViewDemo/Pods-ListViewDemo-frameworks-${CONFIGURATION}-output-files.xcfilelist",
			);
			runOnlyForDeploymentPostprocessing = 0;
			shellPath = /bin/sh;
			shellScript = "\"${PODS_ROOT}/Target Support Files/Pods-ListViewDemo/Pods-ListViewDemo-frameworks.sh\"\n";
			showEnvVarsInLog = 0;
		};
/* End PBXShellScriptBuildPhase section */

/* Begin PBXSourcesBuildPhase section */
		DF5E23E12840CCB600D81760 /* Sources */ = {
			isa = PBXSourcesBuildPhase;
			buildActionMask = 2147483647;
			files = (
				DF5E23FF2840CDD600D81760 /* ListViewModel.swift in Sources */,
				DF5E23ED2840CCB600D81760 /* ViewController.swift in Sources */,
				DF5E24032840CF4F00D81760 /* ThirdLineMessageAnalyzing.swift in Sources */,
				DF5E23E92840CCB600D81760 /* AppDelegate.swift in Sources */,
				DF5E24052840D0CC00D81760 /* ListViewCell.swift in Sources */,
				DF5E24012840CEF600D81760 /* CellController.swift in Sources */,
				DF5E23FD2840CD7F00D81760 /* ListViewController.swift in Sources */,
				DF5E23EB2840CCB600D81760 /* SceneDelegate.swift in Sources */,
				DF5E24072840D29200D81760 /* HeaderWithDetailsView.swift in Sources */,
			);
			runOnlyForDeploymentPostprocessing = 0;
		};
/* End PBXSourcesBuildPhase section */

/* Begin PBXVariantGroup section */
		DF5E23EE2840CCB600D81760 /* Main.storyboard */ = {
			isa = PBXVariantGroup;
			children = (
				DF5E23EF2840CCB600D81760 /* Base */,
			);
			name = Main.storyboard;
			sourceTree = "<group>";
		};
		DF5E23F32840CCBC00D81760 /* LaunchScreen.storyboard */ = {
			isa = PBXVariantGroup;
			children = (
				DF5E23F42840CCBC00D81760 /* Base */,
			);
			name = LaunchScreen.storyboard;
			sourceTree = "<group>";
		};
/* End PBXVariantGroup section */

/* Begin XCBuildConfiguration section */
		DF5E23F72840CCBC00D81760 /* Debug */ = {
			isa = XCBuildConfiguration;
			buildSettings = {
				ALWAYS_SEARCH_USER_PATHS = NO;
				CLANG_ANALYZER_NONNULL = YES;
				CLANG_ANALYZER_NUMBER_OBJECT_CONVERSION = YES_AGGRESSIVE;
				CLANG_CXX_LANGUAGE_STANDARD = "gnu++17";
				CLANG_ENABLE_MODULES = YES;
				CLANG_ENABLE_OBJC_ARC = YES;
				CLANG_ENABLE_OBJC_WEAK = YES;
				CLANG_WARN_BLOCK_CAPTURE_AUTORELEASING = YES;
				CLANG_WARN_BOOL_CONVERSION = YES;
				CLANG_WARN_COMMA = YES;
				CLANG_WARN_CONSTANT_CONVERSION = YES;
				CLANG_WARN_DEPRECATED_OBJC_IMPLEMENTATIONS = YES;
				CLANG_WARN_DIRECT_OBJC_ISA_USAGE = YES_ERROR;
				CLANG_WARN_DOCUMENTATION_COMMENTS = YES;
				CLANG_WARN_EMPTY_BODY = YES;
				CLANG_WARN_ENUM_CONVERSION = YES;
				CLANG_WARN_INFINITE_RECURSION = YES;
				CLANG_WARN_INT_CONVERSION = YES;
				CLANG_WARN_NON_LITERAL_NULL_CONVERSION = YES;
				CLANG_WARN_OBJC_IMPLICIT_RETAIN_SELF = YES;
				CLANG_WARN_OBJC_LITERAL_CONVERSION = YES;
				CLANG_WARN_OBJC_ROOT_CLASS = YES_ERROR;
				CLANG_WARN_QUOTED_INCLUDE_IN_FRAMEWORK_HEADER = YES;
				CLANG_WARN_RANGE_LOOP_ANALYSIS = YES;
				CLANG_WARN_STRICT_PROTOTYPES = YES;
				CLANG_WARN_SUSPICIOUS_MOVE = YES;
				CLANG_WARN_UNGUARDED_AVAILABILITY = YES_AGGRESSIVE;
				CLANG_WARN_UNREACHABLE_CODE = YES;
				CLANG_WARN__DUPLICATE_METHOD_MATCH = YES;
				COPY_PHASE_STRIP = NO;
				DEBUG_INFORMATION_FORMAT = dwarf;
				ENABLE_STRICT_OBJC_MSGSEND = YES;
				ENABLE_TESTABILITY = YES;
				GCC_C_LANGUAGE_STANDARD = gnu11;
				GCC_DYNAMIC_NO_PIC = NO;
				GCC_NO_COMMON_BLOCKS = YES;
				GCC_OPTIMIZATION_LEVEL = 0;
				GCC_PREPROCESSOR_DEFINITIONS = (
					"DEBUG=1",
					"$(inherited)",
				);
				GCC_WARN_64_TO_32_BIT_CONVERSION = YES;
				GCC_WARN_ABOUT_RETURN_TYPE = YES_ERROR;
				GCC_WARN_UNDECLARED_SELECTOR = YES;
				GCC_WARN_UNINITIALIZED_AUTOS = YES_AGGRESSIVE;
				GCC_WARN_UNUSED_FUNCTION = YES;
				GCC_WARN_UNUSED_VARIABLE = YES;
				IPHONEOS_DEPLOYMENT_TARGET = 15.5;
				MTL_ENABLE_DEBUG_INFO = INCLUDE_SOURCE;
				MTL_FAST_MATH = YES;
				ONLY_ACTIVE_ARCH = YES;
				SDKROOT = iphoneos;
				SWIFT_ACTIVE_COMPILATION_CONDITIONS = DEBUG;
				SWIFT_OPTIMIZATION_LEVEL = "-Onone";
			};
			name = Debug;
		};
		DF5E23F82840CCBC00D81760 /* Release */ = {
			isa = XCBuildConfiguration;
			buildSettings = {
				ALWAYS_SEARCH_USER_PATHS = NO;
				CLANG_ANALYZER_NONNULL = YES;
				CLANG_ANALYZER_NUMBER_OBJECT_CONVERSION = YES_AGGRESSIVE;
				CLANG_CXX_LANGUAGE_STANDARD = "gnu++17";
				CLANG_ENABLE_MODULES = YES;
				CLANG_ENABLE_OBJC_ARC = YES;
				CLANG_ENABLE_OBJC_WEAK = YES;
				CLANG_WARN_BLOCK_CAPTURE_AUTORELEASING = YES;
				CLANG_WARN_BOOL_CONVERSION = YES;
				CLANG_WARN_COMMA = YES;
				CLANG_WARN_CONSTANT_CONVERSION = YES;
				CLANG_WARN_DEPRECATED_OBJC_IMPLEMENTATIONS = YES;
				CLANG_WARN_DIRECT_OBJC_ISA_USAGE = YES_ERROR;
				CLANG_WARN_DOCUMENTATION_COMMENTS = YES;
				CLANG_WARN_EMPTY_BODY = YES;
				CLANG_WARN_ENUM_CONVERSION = YES;
				CLANG_WARN_INFINITE_RECURSION = YES;
				CLANG_WARN_INT_CONVERSION = YES;
				CLANG_WARN_NON_LITERAL_NULL_CONVERSION = YES;
				CLANG_WARN_OBJC_IMPLICIT_RETAIN_SELF = YES;
				CLANG_WARN_OBJC_LITERAL_CONVERSION = YES;
				CLANG_WARN_OBJC_ROOT_CLASS = YES_ERROR;
				CLANG_WARN_QUOTED_INCLUDE_IN_FRAMEWORK_HEADER = YES;
				CLANG_WARN_RANGE_LOOP_ANALYSIS = YES;
				CLANG_WARN_STRICT_PROTOTYPES = YES;
				CLANG_WARN_SUSPICIOUS_MOVE = YES;
				CLANG_WARN_UNGUARDED_AVAILABILITY = YES_AGGRESSIVE;
				CLANG_WARN_UNREACHABLE_CODE = YES;
				CLANG_WARN__DUPLICATE_METHOD_MATCH = YES;
				COPY_PHASE_STRIP = NO;
				DEBUG_INFORMATION_FORMAT = "dwarf-with-dsym";
				ENABLE_NS_ASSERTIONS = NO;
				ENABLE_STRICT_OBJC_MSGSEND = YES;
				GCC_C_LANGUAGE_STANDARD = gnu11;
				GCC_NO_COMMON_BLOCKS = YES;
				GCC_WARN_64_TO_32_BIT_CONVERSION = YES;
				GCC_WARN_ABOUT_RETURN_TYPE = YES_ERROR;
				GCC_WARN_UNDECLARED_SELECTOR = YES;
				GCC_WARN_UNINITIALIZED_AUTOS = YES_AGGRESSIVE;
				GCC_WARN_UNUSED_FUNCTION = YES;
				GCC_WARN_UNUSED_VARIABLE = YES;
				IPHONEOS_DEPLOYMENT_TARGET = 15.5;
				MTL_ENABLE_DEBUG_INFO = NO;
				MTL_FAST_MATH = YES;
				SDKROOT = iphoneos;
				SWIFT_COMPILATION_MODE = wholemodule;
				SWIFT_OPTIMIZATION_LEVEL = "-O";
				VALIDATE_PRODUCT = YES;
			};
			name = Release;
		};
		DF5E23FA2840CCBC00D81760 /* Debug */ = {
			isa = XCBuildConfiguration;
			baseConfigurationReference = C9E21D216BCA73D0163663D7 /* Pods-ListViewDemo.debug.xcconfig */;
			buildSettings = {
				ASSETCATALOG_COMPILER_APPICON_NAME = AppIcon;
				ASSETCATALOG_COMPILER_GLOBAL_ACCENT_COLOR_NAME = AccentColor;
				CODE_SIGN_STYLE = Automatic;
				CURRENT_PROJECT_VERSION = 1;
				GENERATE_INFOPLIST_FILE = YES;
				INFOPLIST_FILE = ListViewDemo/Info.plist;
				INFOPLIST_KEY_UIApplicationSupportsIndirectInputEvents = YES;
				INFOPLIST_KEY_UILaunchStoryboardName = LaunchScreen;
				INFOPLIST_KEY_UIMainStoryboardFile = Main;
				INFOPLIST_KEY_UISupportedInterfaceOrientations_iPad = "UIInterfaceOrientationPortrait UIInterfaceOrientationPortraitUpsideDown UIInterfaceOrientationLandscapeLeft UIInterfaceOrientationLandscapeRight";
				INFOPLIST_KEY_UISupportedInterfaceOrientations_iPhone = "UIInterfaceOrientationPortrait UIInterfaceOrientationLandscapeLeft UIInterfaceOrientationLandscapeRight";
				LD_RUNPATH_SEARCH_PATHS = (
					"$(inherited)",
					"@executable_path/Frameworks",
				);
				MARKETING_VERSION = 1.0;
				PRODUCT_BUNDLE_IDENTIFIER = vn.tungvu.ListViewDemo;
				PRODUCT_NAME = "$(TARGET_NAME)";
				SWIFT_EMIT_LOC_STRINGS = YES;
				SWIFT_VERSION = 5.0;
				TARGETED_DEVICE_FAMILY = "1,2";
			};
			name = Debug;
		};
		DF5E23FB2840CCBC00D81760 /* Release */ = {
			isa = XCBuildConfiguration;
			baseConfigurationReference = 3DB777CDD3A32E552EDF5A2E /* Pods-ListViewDemo.release.xcconfig */;
			buildSettings = {
				ASSETCATALOG_COMPILER_APPICON_NAME = AppIcon;
				ASSETCATALOG_COMPILER_GLOBAL_ACCENT_COLOR_NAME = AccentColor;
				CODE_SIGN_STYLE = Automatic;
				CURRENT_PROJECT_VERSION = 1;
				GENERATE_INFOPLIST_FILE = YES;
				INFOPLIST_FILE = ListViewDemo/Info.plist;
				INFOPLIST_KEY_UIApplicationSupportsIndirectInputEvents = YES;
				INFOPLIST_KEY_UILaunchStoryboardName = LaunchScreen;
				INFOPLIST_KEY_UIMainStoryboardFile = Main;
				INFOPLIST_KEY_UISupportedInterfaceOrientations_iPad = "UIInterfaceOrientationPortrait UIInterfaceOrientationPortraitUpsideDown UIInterfaceOrientationLandscapeLeft UIInterfaceOrientationLandscapeRight";
				INFOPLIST_KEY_UISupportedInterfaceOrientations_iPhone = "UIInterfaceOrientationPortrait UIInterfaceOrientationLandscapeLeft UIInterfaceOrientationLandscapeRight";
				LD_RUNPATH_SEARCH_PATHS = (
					"$(inherited)",
					"@executable_path/Frameworks",
				);
				MARKETING_VERSION = 1.0;
				PRODUCT_BUNDLE_IDENTIFIER = vn.tungvu.ListViewDemo;
				PRODUCT_NAME = "$(TARGET_NAME)";
				SWIFT_EMIT_LOC_STRINGS = YES;
				SWIFT_VERSION = 5.0;
				TARGETED_DEVICE_FAMILY = "1,2";
			};
			name = Release;
		};
/* End XCBuildConfiguration section */

/* Begin XCConfigurationList section */
		DF5E23E02840CCB600D81760 /* Build configuration list for PBXProject "ListViewDemo" */ = {
			isa = XCConfigurationList;
			buildConfigurations = (
				DF5E23F72840CCBC00D81760 /* Debug */,
				DF5E23F82840CCBC00D81760 /* Release */,
			);
			defaultConfigurationIsVisible = 0;
			defaultConfigurationName = Release;
		};
		DF5E23F92840CCBC00D81760 /* Build configuration list for PBXNativeTarget "ListViewDemo" */ = {
			isa = XCConfigurationList;
			buildConfigurations = (
				DF5E23FA2840CCBC00D81760 /* Debug */,
				DF5E23FB2840CCBC00D81760 /* Release */,
			);
			defaultConfigurationIsVisible = 0;
			defaultConfigurationName = Release;
		};
/* End XCConfigurationList section */
	};
	rootObject = DF5E23DD2840CCB600D81760 /* Project object */;
}
